// !$*UTF8*$!
{
	archiveVersion = 1;
	classes = {
	};
	objectVersion = 46;
	objects = {

/* Begin PBXBuildFile section */
		C6147F7D1DCA5FC700F3782D /* RatingControl.swift in Sources */ = {isa = PBXBuildFile; fileRef = C6147F7C1DCA5FC700F3782D /* RatingControl.swift */; };
		C69707A71DBF86E200407BBA /* AppDelegate.swift in Sources */ = {isa = PBXBuildFile; fileRef = C69707A61DBF86E200407BBA /* AppDelegate.swift */; };
		C69707A91DBF86E200407BBA /* ViewController.swift in Sources */ = {isa = PBXBuildFile; fileRef = C69707A81DBF86E200407BBA /* ViewController.swift */; };
		C69707AC1DBF86E200407BBA /* Main.storyboard in Resources */ = {isa = PBXBuildFile; fileRef = C69707AA1DBF86E200407BBA /* Main.storyboard */; };
		C69707AE1DBF86E200407BBA /* Assets.xcassets in Resources */ = {isa = PBXBuildFile; fileRef = C69707AD1DBF86E200407BBA /* Assets.xcassets */; };
		C69707B11DBF86E200407BBA /* LaunchScreen.storyboard in Resources */ = {isa = PBXBuildFile; fileRef = C69707AF1DBF86E200407BBA /* LaunchScreen.storyboard */; };
		C69707BC1DBF86E200407BBA /* FoodTrackerTests.swift in Sources */ = {isa = PBXBuildFile; fileRef = C69707BB1DBF86E200407BBA /* FoodTrackerTests.swift */; };
/* End PBXBuildFile section */

/* Begin PBXContainerItemProxy section */
		C69707B81DBF86E200407BBA /* PBXContainerItemProxy */ = {
			isa = PBXContainerItemProxy;
			containerPortal = C697079B1DBF86E200407BBA /* Project object */;
			proxyType = 1;
			remoteGlobalIDString = C69707A21DBF86E200407BBA;
			remoteInfo = FoodTracker;
		};
/* End PBXContainerItemProxy section */

/* Begin PBXFileReference section */
		C6147F7C1DCA5FC700F3782D /* RatingControl.swift */ = {isa = PBXFileReference; fileEncoding = 4; lastKnownFileType = sourcecode.swift; path = RatingControl.swift; sourceTree = "<group>"; usesTabs = 1; };
		C69707A31DBF86E200407BBA /* FoodTracker.app */ = {isa = PBXFileReference; explicitFileType = wrapper.application; includeInIndex = 0; path = FoodTracker.app; sourceTree = BUILT_PRODUCTS_DIR; };
		C69707A61DBF86E200407BBA /* AppDelegate.swift */ = {isa = PBXFileReference; lastKnownFileType = sourcecode.swift; path = AppDelegate.swift; sourceTree = "<group>"; };
		C69707A81DBF86E200407BBA /* ViewController.swift */ = {isa = PBXFileReference; lastKnownFileType = sourcecode.swift; path = ViewController.swift; sourceTree = "<group>"; usesTabs = 1; };
		C69707AB1DBF86E200407BBA /* Base */ = {isa = PBXFileReference; lastKnownFileType = file.storyboard; name = Base; path = Base.lproj/Main.storyboard; sourceTree = "<group>"; };
		C69707AD1DBF86E200407BBA /* Assets.xcassets */ = {isa = PBXFileReference; lastKnownFileType = folder.assetcatalog; path = Assets.xcassets; sourceTree = "<group>"; };
		C69707B01DBF86E200407BBA /* Base */ = {isa = PBXFileReference; lastKnownFileType = file.storyboard; name = Base; path = Base.lproj/LaunchScreen.storyboard; sourceTree = "<group>"; };
		C69707B21DBF86E200407BBA /* Info.plist */ = {isa = PBXFileReference; lastKnownFileType = text.plist.xml; path = Info.plist; sourceTree = "<group>"; };
		C69707B71DBF86E200407BBA /* FoodTrackerTests.xctest */ = {isa = PBXFileReference; explicitFileType = wrapper.cfbundle; includeInIndex = 0; path = FoodTrackerTests.xctest; sourceTree = BUILT_PRODUCTS_DIR; };
		C69707BB1DBF86E200407BBA /* FoodTrackerTests.swift */ = {isa = PBXFileReference; lastKnownFileType = sourcecode.swift; path = FoodTrackerTests.swift; sourceTree = "<group>"; };
		C69707BD1DBF86E200407BBA /* Info.plist */ = {isa = PBXFileReference; lastKnownFileType = text.plist.xml; path = Info.plist; sourceTree = "<group>"; };
		C69707C61DBF8E7300407BBA /* FoodPlayground.playground */ = {isa = PBXFileReference; lastKnownFileType = file.playground; path = FoodPlayground.playground; sourceTree = "<group>"; };
/* End PBXFileReference section */

/* Begin PBXFrameworksBuildPhase section */
		C69707A01DBF86E200407BBA /* Frameworks */ = {
			isa = PBXFrameworksBuildPhase;
			buildActionMask = 2147483647;
			files = (
			);
			runOnlyForDeploymentPostprocessing = 0;
		};
		C69707B41DBF86E200407BBA /* Frameworks */ = {
			isa = PBXFrameworksBuildPhase;
			buildActionMask = 2147483647;
			files = (
			);
			runOnlyForDeploymentPostprocessing = 0;
		};
/* End PBXFrameworksBuildPhase section */

/* Begin PBXGroup section */
		C697079A1DBF86E200407BBA = {
			isa = PBXGroup;
			children = (
				C69707A51DBF86E200407BBA /* FoodTracker */,
				C69707BA1DBF86E200407BBA /* FoodTrackerTests */,
				C69707A41DBF86E200407BBA /* Products */,
			);
			sourceTree = "<group>";
		};
		C69707A41DBF86E200407BBA /* Products */ = {
			isa = PBXGroup;
			children = (
				C69707A31DBF86E200407BBA /* FoodTracker.app */,
				C69707B71DBF86E200407BBA /* FoodTrackerTests.xctest */,
			);
			name = Products;
			sourceTree = "<group>";
		};
		C69707A51DBF86E200407BBA /* FoodTracker */ = {
			isa = PBXGroup;
			children = (
				C69707A61DBF86E200407BBA /* AppDelegate.swift */,
				C69707A81DBF86E200407BBA /* ViewController.swift */,
				C69707AA1DBF86E200407BBA /* Main.storyboard */,
				C6147F7C1DCA5FC700F3782D /* RatingControl.swift */,
				C69707AD1DBF86E200407BBA /* Assets.xcassets */,
				C69707AF1DBF86E200407BBA /* LaunchScreen.storyboard */,
				C69707B21DBF86E200407BBA /* Info.plist */,
				C69707C61DBF8E7300407BBA /* FoodPlayground.playground */,
			);
			path = FoodTracker;
			sourceTree = "<group>";
		};
		C69707BA1DBF86E200407BBA /* FoodTrackerTests */ = {
			isa = PBXGroup;
			children = (
				C69707BB1DBF86E200407BBA /* FoodTrackerTests.swift */,
				C69707BD1DBF86E200407BBA /* Info.plist */,
			);
			path = FoodTrackerTests;
			sourceTree = "<group>";
		};
/* End PBXGroup section */

/* Begin PBXNativeTarget section */
		C69707A21DBF86E200407BBA /* FoodTracker */ = {
			isa = PBXNativeTarget;
			buildConfigurationList = C69707C01DBF86E200407BBA /* Build configuration list for PBXNativeTarget "FoodTracker" */;
			buildPhases = (
				C697079F1DBF86E200407BBA /* Sources */,
				C69707A01DBF86E200407BBA /* Frameworks */,
				C69707A11DBF86E200407BBA /* Resources */,
			);
			buildRules = (
			);
			dependencies = (
			);
			name = FoodTracker;
			productName = FoodTracker;
			productReference = C69707A31DBF86E200407BBA /* FoodTracker.app */;
			productType = "com.apple.product-type.application";
		};
		C69707B61DBF86E200407BBA /* FoodTrackerTests */ = {
			isa = PBXNativeTarget;
			buildConfigurationList = C69707C31DBF86E200407BBA /* Build configuration list for PBXNativeTarget "FoodTrackerTests" */;
			buildPhases = (
				C69707B31DBF86E200407BBA /* Sources */,
				C69707B41DBF86E200407BBA /* Frameworks */,
				C69707B51DBF86E200407BBA /* Resources */,
			);
			buildRules = (
			);
			dependencies = (
				C69707B91DBF86E200407BBA /* PBXTargetDependency */,
			);
			name = FoodTrackerTests;
			productName = FoodTrackerTests;
			productReference = C69707B71DBF86E200407BBA /* FoodTrackerTests.xctest */;
			productType = "com.apple.product-type.bundle.unit-test";
		};
/* End PBXNativeTarget section */

/* Begin PBXProject section */
		C697079B1DBF86E200407BBA /* Project object */ = {
			isa = PBXProject;
			attributes = {
				LastSwiftUpdateCheck = 0800;
				LastUpgradeCheck = 0800;
				ORGANIZATIONNAME = "Brendan Leder";
				TargetAttributes = {
					C69707A21DBF86E200407BBA = {
						CreatedOnToolsVersion = 8.0;
						ProvisioningStyle = Automatic;
					};
					C69707B61DBF86E200407BBA = {
						CreatedOnToolsVersion = 8.0;
						ProvisioningStyle = Automatic;
						TestTargetID = C69707A21DBF86E200407BBA;
					};
				};
			};
			buildConfigurationList = C697079E1DBF86E200407BBA /* Build configuration list for PBXProject "FoodTracker" */;
			compatibilityVersion = "Xcode 3.2";
			developmentRegion = English;
			hasScannedForEncodings = 0;
			knownRegions = (
				en,
				Base,
			);
			mainGroup = C697079A1DBF86E200407BBA;
			productRefGroup = C69707A41DBF86E200407BBA /* Products */;
			projectDirPath = "";
			projectRoot = "";
			targets = (
				C69707A21DBF86E200407BBA /* FoodTracker */,
				C69707B61DBF86E200407BBA /* FoodTrackerTests */,
			);
		};
/* End PBXProject section */

/* Begin PBXResourcesBuildPhase section */
		C69707A11DBF86E200407BBA /* Resources */ = {
			isa = PBXResourcesBuildPhase;
			buildActionMask = 2147483647;
			files = (
				C69707B11DBF86E200407BBA /* LaunchScreen.storyboard in Resources */,
				C69707AE1DBF86E200407BBA /* Assets.xcassets in Resources */,
				C69707AC1DBF86E200407BBA /* Main.storyboard in Resources */,
			);
			runOnlyForDeploymentPostprocessing = 0;
		};
		C69707B51DBF86E200407BBA /* Resources */ = {
			isa = PBXResourcesBuildPhase;
			buildActionMask = 2147483647;
			files = (
			);
			runOnlyForDeploymentPostprocessing = 0;
		};
/* End PBXResourcesBuildPhase section */

/* Begin PBXSourcesBuildPhase section */
		C697079F1DBF86E200407BBA /* Sources */ = {
			isa = PBXSourcesBuildPhase;
			buildActionMask = 2147483647;
			files = (
				C69707A91DBF86E200407BBA /* ViewController.swift in Sources */,
				C6147F7D1DCA5FC700F3782D /* RatingControl.swift in Sources */,
				C69707A71DBF86E200407BBA /* AppDelegate.swift in Sources */,
			);
			runOnlyForDeploymentPostprocessing = 0;
		};
		C69707B31DBF86E200407BBA /* Sources */ = {
			isa = PBXSourcesBuildPhase;
			buildActionMask = 2147483647;
			files = (
				C69707BC1DBF86E200407BBA /* FoodTrackerTests.swift in Sources */,
			);
			runOnlyForDeploymentPostprocessing = 0;
		};
/* End PBXSourcesBuildPhase section */

/* Begin PBXTargetDependency section */
		C69707B91DBF86E200407BBA /* PBXTargetDependency */ = {
			isa = PBXTargetDependency;
			target = C69707A21DBF86E200407BBA /* FoodTracker */;
			targetProxy = C69707B81DBF86E200407BBA /* PBXContainerItemProxy */;
		};
/* End PBXTargetDependency section */

/* Begin PBXVariantGroup section */
		C69707AA1DBF86E200407BBA /* Main.storyboard */ = {
			isa = PBXVariantGroup;
			children = (
				C69707AB1DBF86E200407BBA /* Base */,
			);
			name = Main.storyboard;
			sourceTree = "<group>";
		};
		C69707AF1DBF86E200407BBA /* LaunchScreen.storyboard */ = {
			isa = PBXVariantGroup;
			children = (
				C69707B01DBF86E200407BBA /* Base */,
			);
			name = LaunchScreen.storyboard;
			sourceTree = "<group>";
		};
/* End PBXVariantGroup section */

/* Begin XCBuildConfiguration section */
		C69707BE1DBF86E200407BBA /* Debug */ = {
			isa = XCBuildConfiguration;
			buildSettings = {
				ALWAYS_SEARCH_USER_PATHS = NO;
				CLANG_ANALYZER_NONNULL = YES;
				CLANG_CXX_LANGUAGE_STANDARD = "gnu++0x";
				CLANG_CXX_LIBRARY = "libc++";
				CLANG_ENABLE_MODULES = YES;
				CLANG_ENABLE_OBJC_ARC = YES;
				CLANG_WARN_BOOL_CONVERSION = YES;
				CLANG_WARN_CONSTANT_CONVERSION = YES;
				CLANG_WARN_DIRECT_OBJC_ISA_USAGE = YES_ERROR;
				CLANG_WARN_DOCUMENTATION_COMMENTS = YES;
				CLANG_WARN_EMPTY_BODY = YES;
				CLANG_WARN_ENUM_CONVERSION = YES;
				CLANG_WARN_INFINITE_RECURSION = YES;
				CLANG_WARN_INT_CONVERSION = YES;
				CLANG_WARN_OBJC_ROOT_CLASS = YES_ERROR;
				CLANG_WARN_SUSPICIOUS_MOVES = YES;
				CLANG_WARN_UNREACHABLE_CODE = YES;
				CLANG_WARN__DUPLICATE_METHOD_MATCH = YES;
				"CODE_SIGN_IDENTITY[sdk=iphoneos*]" = "iPhone Developer";
				COPY_PHASE_STRIP = NO;
				DEBUG_INFORMATION_FORMAT = dwarf;
				ENABLE_STRICT_OBJC_MSGSEND = YES;
				ENABLE_TESTABILITY = YES;
				GCC_C_LANGUAGE_STANDARD = gnu99;
				GCC_DYNAMIC_NO_PIC = NO;
				GCC_NO_COMMON_BLOCKS = YES;
				GCC_OPTIMIZATION_LEVEL = 0;
				GCC_PREPROCESSOR_DEFINITIONS = (
					"DEBUG=1",
					"$(inherited)",
				);
				GCC_WARN_64_TO_32_BIT_CONVERSION = YES;
				GCC_WARN_ABOUT_RETURN_TYPE = YES_ERROR;
				GCC_WARN_UNDECLARED_SELECTOR = YES;
				GCC_WARN_UNINITIALIZED_AUTOS = YES_AGGRESSIVE;
				GCC_WARN_UNUSED_FUNCTION = YES;
				GCC_WARN_UNUSED_VARIABLE = YES;
				IPHONEOS_DEPLOYMENT_TARGET = 10.0;
				MTL_ENABLE_DEBUG_INFO = YES;
				ONLY_ACTIVE_ARCH = YES;
				SDKROOT = iphoneos;
				SWIFT_ACTIVE_COMPILATION_CONDITIONS = DEBUG;
				SWIFT_OPTIMIZATION_LEVEL = "-Onone";
				TARGETED_DEVICE_FAMILY = "1,2";
			};
			name = Debug;
		};
		C69707BF1DBF86E200407BBA /* Release */ = {
			isa = XCBuildConfiguration;
			buildSettings = {
				ALWAYS_SEARCH_USER_PATHS = NO;
				CLANG_ANALYZER_NONNULL = YES;
				CLANG_CXX_LANGUAGE_STANDARD = "gnu++0x";
				CLANG_CXX_LIBRARY = "libc++";
				CLANG_ENABLE_MODULES = YES;
				CLANG_ENABLE_OBJC_ARC = YES;
				CLANG_WARN_BOOL_CONVERSION = YES;
				CLANG_WARN_CONSTANT_CONVERSION = YES;
				CLANG_WARN_DIRECT_OBJC_ISA_USAGE = YES_ERROR;
				CLANG_WARN_DOCUMENTATION_COMMENTS = YES;
				CLANG_WARN_EMPTY_BODY = YES;
				CLANG_WARN_ENUM_CONVERSION = YES;
				CLANG_WARN_INFINITE_RECURSION = YES;
				CLANG_WARN_INT_CONVERSION = YES;
				CLANG_WARN_OBJC_ROOT_CLASS = YES_ERROR;
				CLANG_WARN_SUSPICIOUS_MOVES = YES;
				CLANG_WARN_UNREACHABLE_CODE = YES;
				CLANG_WARN__DUPLICATE_METHOD_MATCH = YES;
				"CODE_SIGN_IDENTITY[sdk=iphoneos*]" = "iPhone Developer";
				COPY_PHASE_STRIP = NO;
				DEBUG_INFORMATION_FORMAT = "dwarf-with-dsym";
				ENABLE_NS_ASSERTIONS = NO;
				ENABLE_STRICT_OBJC_MSGSEND = YES;
				GCC_C_LANGUAGE_STANDARD = gnu99;
				GCC_NO_COMMON_BLOCKS = YES;
				GCC_WARN_64_TO_32_BIT_CONVERSION = YES;
				GCC_WARN_ABOUT_RETURN_TYPE = YES_ERROR;
				GCC_WARN_UNDECLARED_SELECTOR = YES;
				GCC_WARN_UNINITIALIZED_AUTOS = YES_AGGRESSIVE;
				GCC_WARN_UNUSED_FUNCTION = YES;
				GCC_WARN_UNUSED_VARIABLE = YES;
				IPHONEOS_DEPLOYMENT_TARGET = 10.0;
				MTL_ENABLE_DEBUG_INFO = NO;
				SDKROOT = iphoneos;
				SWIFT_OPTIMIZATION_LEVEL = "-Owholemodule";
				TARGETED_DEVICE_FAMILY = "1,2";
				VALIDATE_PRODUCT = YES;
			};
			name = Release;
		};
		C69707C11DBF86E200407BBA /* Debug */ = {
			isa = XCBuildConfiguration;
			buildSettings = {
				ASSETCATALOG_COMPILER_APPICON_NAME = AppIcon;
				INFOPLIST_FILE = FoodTracker/Info.plist;
				LD_RUNPATH_SEARCH_PATHS = "$(inherited) @executable_path/Frameworks";
				PRODUCT_BUNDLE_IDENTIFIER = ca.on.rsgc.FoodTracker;
				PRODUCT_NAME = "$(TARGET_NAME)";
				SWIFT_VERSION = 3.0;
			};
			name = Debug;
		};
		C69707C21DBF86E200407BBA /* Release */ = {
			isa = XCBuildConfiguration;
			buildSettings = {
				ASSETCATALOG_COMPILER_APPICON_NAME = AppIcon;
				INFOPLIST_FILE = FoodTracker/Info.plist;
				LD_RUNPATH_SEARCH_PATHS = "$(inherited) @executable_path/Frameworks";
				PRODUCT_BUNDLE_IDENTIFIER = ca.on.rsgc.FoodTracker;
				PRODUCT_NAME = "$(TARGET_NAME)";
				SWIFT_VERSION = 3.0;
			};
			name = Release;
		};
		C69707C41DBF86E200407BBA /* Debug */ = {
			isa = XCBuildConfiguration;
			buildSettings = {
				ALWAYS_EMBED_SWIFT_STANDARD_LIBRARIES = YES;
				BUNDLE_LOADER = "$(TEST_HOST)";
				INFOPLIST_FILE = FoodTrackerTests/Info.plist;
				LD_RUNPATH_SEARCH_PATHS = "$(inherited) @executable_path/Frameworks @loader_path/Frameworks";
				PRODUCT_BUNDLE_IDENTIFIER = ca.on.rsgc.FoodTrackerTests;
				PRODUCT_NAME = "$(TARGET_NAME)";
				SWIFT_VERSION = 3.0;
				TEST_HOST = "$(BUILT_PRODUCTS_DIR)/FoodTracker.app/FoodTracker";
			};
			name = Debug;
		};
		C69707C51DBF86E200407BBA /* Release */ = {
			isa = XCBuildConfiguration;
			buildSettings = {
				ALWAYS_EMBED_SWIFT_STANDARD_LIBRARIES = YES;
				BUNDLE_LOADER = "$(TEST_HOST)";
				INFOPLIST_FILE = FoodTrackerTests/Info.plist;
				LD_RUNPATH_SEARCH_PATHS = "$(inherited) @executable_path/Frameworks @loader_path/Frameworks";
				PRODUCT_BUNDLE_IDENTIFIER = ca.on.rsgc.FoodTrackerTests;
				PRODUCT_NAME = "$(TARGET_NAME)";
				SWIFT_VERSION = 3.0;
				TEST_HOST = "$(BUILT_PRODUCTS_DIR)/FoodTracker.app/FoodTracker";
			};
			name = Release;
		};
/* End XCBuildConfiguration section */

/* Begin XCConfigurationList section */
		C697079E1DBF86E200407BBA /* Build configuration list for PBXProject "FoodTracker" */ = {
			isa = XCConfigurationList;
			buildConfigurations = (
				C69707BE1DBF86E200407BBA /* Debug */,
				C69707BF1DBF86E200407BBA /* Release */,
			);
			defaultConfigurationIsVisible = 0;
			defaultConfigurationName = Release;
		};
		C69707C01DBF86E200407BBA /* Build configuration list for PBXNativeTarget "FoodTracker" */ = {
			isa = XCConfigurationList;
			buildConfigurations = (
				C69707C11DBF86E200407BBA /* Debug */,
				C69707C21DBF86E200407BBA /* Release */,
			);
			defaultConfigurationIsVisible = 0;
			defaultConfigurationName = Release;
		};
		C69707C31DBF86E200407BBA /* Build configuration list for PBXNativeTarget "FoodTrackerTests" */ = {
			isa = XCConfigurationList;
			buildConfigurations = (
				C69707C41DBF86E200407BBA /* Debug */,
				C69707C51DBF86E200407BBA /* Release */,
			);
			defaultConfigurationIsVisible = 0;
			defaultConfigurationName = Release;
		};
/* End XCConfigurationList section */
	};
	rootObject = C697079B1DBF86E200407BBA /* Project object */;
}
